{
  "task": "ved-hs88",
  "agent": "Repository Merge Agent (Beads Trinity)",
  "action": "DO NOT COMMIT TO MAIN BRANCH",
  "eta": "20 minutes",
  "started": "2026-01-05T06:00:00Z",
  "reason": "Merging spike/simplified-nav to main to unblock VPS deployment",
  "unblocks": ["ved-y1u", "ved-drx", "ved-8yqm"]
}
